// !$*UTF8*$!
{
	archiveVersion = 1;
	classes = {
	};
	objectVersion = 46;
	objects = {

/* Begin PBXGroup section */
		BD192A3719E68B6600CA1FA2 = {
			isa = PBXGroup;
			children = (
			);
			sourceTree = "<group>";
		};
/* End PBXGroup section */

/* Begin PBXProject section */
		BD192A3819E68B6600CA1FA2 /* Project object */ = {
			isa = PBXProject;
			attributes = {
				LastUpgradeCheck = 0610;
			};
			buildConfigurationList = BD192A3B19E68B6600CA1FA2 /* Build configuration list for PBXProject "HYPNorwegianAccountNumber" */;
			compatibilityVersion = "Xcode 3.2";
			developmentRegion = English;
			hasScannedForEncodings = 0;
			knownRegions = (
				en,
			);
			mainGroup = BD192A3719E68B6600CA1FA2;
			projectDirPath = "";
			projectRoot = "";
			targets = (
			);
		};
/* End PBXProject section */

/* Begin XCBuildConfiguration section */
		BD192A3C19E68B6600CA1FA2 /* Debug */ = {
			isa = XCBuildConfiguration;
			buildSettings = {
			};
			name = Debug;
		};
		BD192A3D19E68B6600CA1FA2 /* Release */ = {
			isa = XCBuildConfiguration;
			buildSettings = {
			};
			name = Release;
		};
/* End XCBuildConfiguration section */

/* Begin XCConfigurationList section */
		BD192A3B19E68B6600CA1FA2 /* Build configuration list for PBXProject "HYPNorwegianAccountNumber" */ = {
			isa = XCConfigurationList;
			buildConfigurations = (
				BD192A3C19E68B6600CA1FA2 /* Debug */,
				BD192A3D19E68B6600CA1FA2 /* Release */,
			);
			defaultConfigurationIsVisible = 0;
			defaultConfigurationName = Release;
		};
/* End XCConfigurationList section */
	};
	rootObject = BD192A3819E68B6600CA1FA2 /* Project object */;
}
